
Microsoft Visual Studio Solution File, Format Version 12.00
# Visual Studio Version 17
VisualStudioVersion = 17.4.33205.214
MinimumVisualStudioVersion = 10.0.40219.1
Project("{FAE04EC0-301F-11D3-BF4B-00C04F79EFBC}") = "AttackLevelPatch", "AttackLevelPatch\AttackLevelPatch.csproj", "{EA1BD062-EB14-499B-AD6A-32E4CE1CA42A}"
EndProject
Global
	GlobalSection(SolutionConfigurationPlatforms) = preSolution
		Debug|Any CPU = Debug|Any CPU
		Release|Any CPU = Release|Any CPU
	EndGlobalSection
	GlobalSection(ProjectConfigurationPlatforms) = postSolution
		{EA1BD062-EB14-499B-AD6A-32E4CE1CA42A}.Debug|Any CPU.ActiveCfg = Debug|Any CPU
		{EA1BD062-EB14-499B-AD6A-32E4CE1CA42A}.Debug|Any CPU.Build.0 = Debug|Any CPU
		{EA1BD062-EB14-499B-AD6A-32E4CE1CA42A}.Release|Any CPU.ActiveCfg = Release|Any CPU
		{EA1BD062-EB14-499B-AD6A-32E4CE1CA42A}.Release|Any CPU.Build.0 = Release|Any CPU
	EndGlobalSection
	GlobalSection(SolutionProperties) = preSolution
		HideSolutionNode = FALSE
	EndGlobalSection
	GlobalSection(ExtensibilityGlobals) = postSolution
		SolutionGuid = {1562F0EB-4E75-43D2-83D1-6274E7C8EA33}
	EndGlobalSection
EndGlobal
